
Microsoft Visual Studio Solution File, Format Version 12.00
# Visual Studio Version 17
VisualStudioVersion = 17.3.32825.248
MinimumVisualStudioVersion = 10.0.40219.1
Project("{FAE04EC0-301F-11D3-BF4B-00C04F79EFBC}") = "LabCDiezFacultativ", "LabCDiezFacultativ\LabCDiezFacultativ.csproj", "{1EF65391-E5E6-4EE1-9763-20AD572EF666}"
EndProject
Global
	GlobalSection(SolutionConfigurationPlatforms) = preSolution
		Debug|Any CPU = Debug|Any CPU
		Release|Any CPU = Release|Any CPU
	EndGlobalSection
	GlobalSection(ProjectConfigurationPlatforms) = postSolution
		{1EF65391-E5E6-4EE1-9763-20AD572EF666}.Debug|Any CPU.ActiveCfg = Debug|Any CPU
		{1EF65391-E5E6-4EE1-9763-20AD572EF666}.Debug|Any CPU.Build.0 = Debug|Any CPU
		{1EF65391-E5E6-4EE1-9763-20AD572EF666}.Release|Any CPU.ActiveCfg = Release|Any CPU
		{1EF65391-E5E6-4EE1-9763-20AD572EF666}.Release|Any CPU.Build.0 = Release|Any CPU
	EndGlobalSection
	GlobalSection(SolutionProperties) = preSolution
		HideSolutionNode = FALSE
	EndGlobalSection
	GlobalSection(ExtensibilityGlobals) = postSolution
		SolutionGuid = {2286A0D5-255F-4BCB-B589-9D344E03420C}
	EndGlobalSection
EndGlobal
