
Microsoft Visual Studio Solution File, Format Version 12.00
# Visual Studio Version 17
VisualStudioVersion = 17.3.32825.248
MinimumVisualStudioVersion = 10.0.40219.1
Project("{FAE04EC0-301F-11D3-BF4B-00C04F79EFBC}") = "FestivalSellpoint.Domain", "FestivalSellpoint.Domain\FestivalSellpoint.Domain.csproj", "{99A73649-4DB4-4C24-8DE0-BD3EAB727DC2}"
EndProject
Project("{FAE04EC0-301F-11D3-BF4B-00C04F79EFBC}") = "FestivalSellpoint.Repo", "FestivalSellpoint.Repo\FestivalSellpoint.Repo.csproj", "{13124F1B-C5A3-4F30-AA59-3D1390869BB1}"
EndProject
Project("{FAE04EC0-301F-11D3-BF4B-00C04F79EFBC}") = "TestApplication", "TestApplication\TestApplication.csproj", "{47072F4E-8A46-450F-BC4B-DEDD3AFBC6F5}"
EndProject
Global
	GlobalSection(SolutionConfigurationPlatforms) = preSolution
		Debug|Any CPU = Debug|Any CPU
		Release|Any CPU = Release|Any CPU
	EndGlobalSection
	GlobalSection(ProjectConfigurationPlatforms) = postSolution
		{99A73649-4DB4-4C24-8DE0-BD3EAB727DC2}.Debug|Any CPU.ActiveCfg = Debug|Any CPU
		{99A73649-4DB4-4C24-8DE0-BD3EAB727DC2}.Debug|Any CPU.Build.0 = Debug|Any CPU
		{99A73649-4DB4-4C24-8DE0-BD3EAB727DC2}.Release|Any CPU.ActiveCfg = Release|Any CPU
		{99A73649-4DB4-4C24-8DE0-BD3EAB727DC2}.Release|Any CPU.Build.0 = Release|Any CPU
		{13124F1B-C5A3-4F30-AA59-3D1390869BB1}.Debug|Any CPU.ActiveCfg = Debug|Any CPU
		{13124F1B-C5A3-4F30-AA59-3D1390869BB1}.Debug|Any CPU.Build.0 = Debug|Any CPU
		{13124F1B-C5A3-4F30-AA59-3D1390869BB1}.Release|Any CPU.ActiveCfg = Release|Any CPU
		{13124F1B-C5A3-4F30-AA59-3D1390869BB1}.Release|Any CPU.Build.0 = Release|Any CPU
		{47072F4E-8A46-450F-BC4B-DEDD3AFBC6F5}.Debug|Any CPU.ActiveCfg = Debug|Any CPU
		{47072F4E-8A46-450F-BC4B-DEDD3AFBC6F5}.Debug|Any CPU.Build.0 = Debug|Any CPU
		{47072F4E-8A46-450F-BC4B-DEDD3AFBC6F5}.Release|Any CPU.ActiveCfg = Release|Any CPU
		{47072F4E-8A46-450F-BC4B-DEDD3AFBC6F5}.Release|Any CPU.Build.0 = Release|Any CPU
	EndGlobalSection
	GlobalSection(SolutionProperties) = preSolution
		HideSolutionNode = FALSE
	EndGlobalSection
	GlobalSection(ExtensibilityGlobals) = postSolution
		SolutionGuid = {4FB97477-1DC4-45D3-AD4B-A6A1F6FB8F97}
	EndGlobalSection
EndGlobal
