
Microsoft Visual Studio Solution File, Format Version 12.00
# Visual Studio Version 17
VisualStudioVersion = 17.3.32825.248
MinimumVisualStudioVersion = 10.0.40219.1
Project("{FAE04EC0-301F-11D3-BF4B-00C04F79EFBC}") = "AI.Lab1", "AI.Lab1\AI.Lab1.csproj", "{BA29B482-7355-4327-A375-98FFC909E59C}"
EndProject
Global
	GlobalSection(SolutionConfigurationPlatforms) = preSolution
		Debug|Any CPU = Debug|Any CPU
		Release|Any CPU = Release|Any CPU
	EndGlobalSection
	GlobalSection(ProjectConfigurationPlatforms) = postSolution
		{BA29B482-7355-4327-A375-98FFC909E59C}.Debug|Any CPU.ActiveCfg = Debug|Any CPU
		{BA29B482-7355-4327-A375-98FFC909E59C}.Debug|Any CPU.Build.0 = Debug|Any CPU
		{BA29B482-7355-4327-A375-98FFC909E59C}.Release|Any CPU.ActiveCfg = Release|Any CPU
		{BA29B482-7355-4327-A375-98FFC909E59C}.Release|Any CPU.Build.0 = Release|Any CPU
	EndGlobalSection
	GlobalSection(SolutionProperties) = preSolution
		HideSolutionNode = FALSE
	EndGlobalSection
	GlobalSection(ExtensibilityGlobals) = postSolution
		SolutionGuid = {2CE973AD-C415-4915-B359-32B139B219A4}
	EndGlobalSection
EndGlobal
