<?xml version="1.0" encoding="utf-8"?>
<Project ToolsVersion="4.0" xmlns="http://schemas.microsoft.com/developer/msbuild/2003">
  <ItemGroup>
    <Filter Include="Source Files">
      <UniqueIdentifier>{4FC737F1-C7A5-4376-A066-2A32D752A2FF}</UniqueIdentifier>
      <Extensions>cpp;c;cc;cxx;c++;cppm;ixx;def;odl;idl;hpj;bat;asm;asmx</Extensions>
    </Filter>
    <Filter Include="Header Files">
      <UniqueIdentifier>{93995380-89BD-4b04-88EB-625FBE52EBFB}</UniqueIdentifier>
      <Extensions>h;hh;hpp;hxx;h++;hm;inl;inc;ipp;xsd</Extensions>
    </Filter>
    <Filter Include="Resource Files">
      <UniqueIdentifier>{67DA6AB6-F800-4c08-8B7A-83BB121AAD01}</UniqueIdentifier>
      <Extensions>rc;ico;cur;bmp;dlg;rc2;rct;bin;rgs;gif;jpg;jpeg;jpe;resx;tiff;tif;png;wav;mfcribbon-ms</Extensions>
    </Filter>
  </ItemGroup>
  <ItemGroup>
    <ClCompile Include="main.cpp">
      <Filter>Source Files</Filter>
    </ClCompile>
    <ClCompile Include="Domain\car.cpp">
      <Filter>Source Files</Filter>
    </ClCompile>
    <ClCompile Include="Domain\number_plate.cpp">
      <Filter>Source Files</Filter>
    </ClCompile>
    <ClCompile Include="Domain\list_item.cpp">
      <Filter>Source Files</Filter>
    </ClCompile>
    <ClCompile Include="Tests\test_list_item.cpp">
      <Filter>Source Files</Filter>
    </ClCompile>
    <ClCompile Include="Tests\test_all.cpp">
      <Filter>Source Files</Filter>
    </ClCompile>
    <ClCompile Include="Tests\test_number_plate.cpp">
      <Filter>Source Files</Filter>
    </ClCompile>
    <ClCompile Include="Tests\test_list.cpp">
      <Filter>Source Files</Filter>
    </ClCompile>
    <ClCompile Include="Service\cars_service.cpp">
      <Filter>Source Files</Filter>
    </ClCompile>
    <ClCompile Include="Tests\test_service.cpp">
      <Filter>Source Files</Filter>
    </ClCompile>
    <ClCompile Include="Tests\test_car.cpp">
      <Filter>Source Files</Filter>
    </ClCompile>
    <ClCompile Include="UI\ui.cpp">
      <Filter>Source Files</Filter>
    </ClCompile>
    <ClCompile Include="Tests\test_ui.cpp">
      <Filter>Source Files</Filter>
    </ClCompile>
    <ClCompile Include="Domain\report_item.cpp">
      <Filter>Source Files</Filter>
    </ClCompile>
    <ClCompile Include="Repo\list_storage.cpp">
      <Filter>Source Files</Filter>
    </ClCompile>
    <ClCompile Include="Tests\test_list_storage.cpp">
      <Filter>Source Files</Filter>
    </ClCompile>
    <ClCompile Include="Service\undo.cpp">
      <Filter>Source Files</Filter>
    </ClCompile>
  </ItemGroup>
  <ItemGroup>
    <ClInclude Include="Domain\car.h">
      <Filter>Header Files</Filter>
    </ClInclude>
    <ClInclude Include="Domain\number_plate.h">
      <Filter>Header Files</Filter>
    </ClInclude>
    <ClInclude Include="Domain\list_item.h">
      <Filter>Header Files</Filter>
    </ClInclude>
    <ClInclude Include="Repo\list.h">
      <Filter>Header Files</Filter>
    </ClInclude>
    <ClInclude Include="Tests\test_list_item.h">
      <Filter>Header Files</Filter>
    </ClInclude>
    <ClInclude Include="Tests\test_all.h">
      <Filter>Header Files</Filter>
    </ClInclude>
    <ClInclude Include="Tests\test_number_plate.h">
      <Filter>Header Files</Filter>
    </ClInclude>
    <ClInclude Include="Tests\test_list.h">
      <Filter>Header Files</Filter>
    </ClInclude>
    <ClInclude Include="Service\cars_service.h">
      <Filter>Header Files</Filter>
    </ClInclude>
    <ClInclude Include="Tests\test_service.h">
      <Filter>Header Files</Filter>
    </ClInclude>
    <ClInclude Include="Tests\test_car.h">
      <Filter>Header Files</Filter>
    </ClInclude>
    <ClInclude Include="UI\ui.h">
      <Filter>Header Files</Filter>
    </ClInclude>
    <ClInclude Include="Tests\test_ui.h">
      <Filter>Header Files</Filter>
    </ClInclude>
    <ClInclude Include="defines.h">
      <Filter>Header Files</Filter>
    </ClInclude>
    <ClInclude Include="Repo\vector.h">
      <Filter>Header Files</Filter>
    </ClInclude>
    <ClInclude Include="Domain\report_item.h">
      <Filter>Header Files</Filter>
    </ClInclude>
    <ClInclude Include="Repo\list_storage.h">
      <Filter>Header Files</Filter>
    </ClInclude>
    <ClInclude Include="Tests\test_list_storage.h">
      <Filter>Header Files</Filter>
    </ClInclude>
    <ClInclude Include="Service\undo.h">
      <Filter>Header Files</Filter>
    </ClInclude>
  </ItemGroup>
</Project>