
Microsoft Visual Studio Solution File, Format Version 12.00
# Visual Studio Version 17
VisualStudioVersion = 17.3.32825.248
MinimumVisualStudioVersion = 10.0.40219.1
Project("{FAE04EC0-301F-11D3-BF4B-00C04F79EFBC}") = "AI.Lab2", "AI.Lab2\AI.Lab2.csproj", "{142322B7-A3F3-44C7-9852-5189EF2DA9A0}"
EndProject
Global
	GlobalSection(SolutionConfigurationPlatforms) = preSolution
		Debug|Any CPU = Debug|Any CPU
		Release|Any CPU = Release|Any CPU
	EndGlobalSection
	GlobalSection(ProjectConfigurationPlatforms) = postSolution
		{142322B7-A3F3-44C7-9852-5189EF2DA9A0}.Debug|Any CPU.ActiveCfg = Debug|Any CPU
		{142322B7-A3F3-44C7-9852-5189EF2DA9A0}.Debug|Any CPU.Build.0 = Debug|Any CPU
		{142322B7-A3F3-44C7-9852-5189EF2DA9A0}.Release|Any CPU.ActiveCfg = Release|Any CPU
		{142322B7-A3F3-44C7-9852-5189EF2DA9A0}.Release|Any CPU.Build.0 = Release|Any CPU
	EndGlobalSection
	GlobalSection(SolutionProperties) = preSolution
		HideSolutionNode = FALSE
	EndGlobalSection
	GlobalSection(ExtensibilityGlobals) = postSolution
		SolutionGuid = {B0052128-A8FF-40F2-880D-567DEE116270}
	EndGlobalSection
EndGlobal
